# This file is automatically @generated by Cargo.
# It is not intended for manual editing.
version = 4

[[package]]
name = "okfx_cache"
version = "0.1.0"

[[package]]
name = "okfx_core"
version = "0.1.0"

[[package]]
name = "okfx_diff"
version = "0.1.0"

[[package]]
name = "okfx_fmt"
version = "0.1.0"

[[package]]
name = "okfx_fs"
version = "0.1.0"

[[package]]
name = "okfx_graph"
version = "0.1.0"

[[package]]
name = "okfx_index"
version = "0.1.0"

[[package]]
name = "okfx_napi"
version = "0.1.0"

[[package]]
name = "okfx_pack"
version = "0.1.0"

[[package]]
name = "okfx_parser"
version = "0.1.0"

[[package]]
name = "okfx_resolver"
version = "0.1.0"

[[package]]
name = "okfx_rules"
version = "0.1.0"

[[package]]
name = "okfx_wasm"
version = "0.1.0"
